
Microsoft Visual Studio Solution File, Format Version 12.00
# Visual Studio 14
VisualStudioVersion = 14.0.24720.0
MinimumVisualStudioVersion = 10.0.40219.1
Project("{FAE04EC0-301F-11D3-BF4B-00C04F79EFBC}") = "HelloApp", "HelloApp\HelloApp.csproj", "{51FAEF20-C80E-4A15-BC77-1375CA9F7DA8}"
EndProject
Project("{FAE04EC0-301F-11D3-BF4B-00C04F79EFBC}") = "HelloAppTest", "HelloAppTest\HelloAppTest.csproj", "{C19251DF-36F9-46C6-B02D-22DAF2F8197D}"
EndProject
Global
	GlobalSection(SolutionConfigurationPlatforms) = preSolution
		Debug|Any CPU = Debug|Any CPU
		Debug|ARM = Debug|ARM
		Debug|x64 = Debug|x64
		Debug|x86 = Debug|x86
		Release|Any CPU = Release|Any CPU
		Release|ARM = Release|ARM
		Release|x64 = Release|x64
		Release|x86 = Release|x86
	EndGlobalSection
	GlobalSection(ProjectConfigurationPlatforms) = postSolution
		{51FAEF20-C80E-4A15-BC77-1375CA9F7DA8}.Debug|Any CPU.ActiveCfg = Debug|Any CPU
		{51FAEF20-C80E-4A15-BC77-1375CA9F7DA8}.Debug|Any CPU.Build.0 = Debug|Any CPU
		{51FAEF20-C80E-4A15-BC77-1375CA9F7DA8}.Debug|ARM.ActiveCfg = Debug|ARM
		{51FAEF20-C80E-4A15-BC77-1375CA9F7DA8}.Debug|ARM.Build.0 = Debug|ARM
		{51FAEF20-C80E-4A15-BC77-1375CA9F7DA8}.Debug|x64.ActiveCfg = Debug|x64
		{51FAEF20-C80E-4A15-BC77-1375CA9F7DA8}.Debug|x64.Build.0 = Debug|x64
		{51FAEF20-C80E-4A15-BC77-1375CA9F7DA8}.Debug|x86.ActiveCfg = Debug|x86
		{51FAEF20-C80E-4A15-BC77-1375CA9F7DA8}.Debug|x86.Build.0 = Debug|x86
		{51FAEF20-C80E-4A15-BC77-1375CA9F7DA8}.Release|Any CPU.ActiveCfg = Release|Any CPU
		{51FAEF20-C80E-4A15-BC77-1375CA9F7DA8}.Release|Any CPU.Build.0 = Release|Any CPU
		{51FAEF20-C80E-4A15-BC77-1375CA9F7DA8}.Release|ARM.ActiveCfg = Release|ARM
		{51FAEF20-C80E-4A15-BC77-1375CA9F7DA8}.Release|ARM.Build.0 = Release|ARM
		{51FAEF20-C80E-4A15-BC77-1375CA9F7DA8}.Release|x64.ActiveCfg = Release|x64
		{51FAEF20-C80E-4A15-BC77-1375CA9F7DA8}.Release|x64.Build.0 = Release|x64
		{51FAEF20-C80E-4A15-BC77-1375CA9F7DA8}.Release|x86.ActiveCfg = Release|x86
		{51FAEF20-C80E-4A15-BC77-1375CA9F7DA8}.Release|x86.Build.0 = Release|x86
		{C19251DF-36F9-46C6-B02D-22DAF2F8197D}.Debug|Any CPU.ActiveCfg = Debug|x86
		{C19251DF-36F9-46C6-B02D-22DAF2F8197D}.Debug|ARM.ActiveCfg = Debug|ARM
		{C19251DF-36F9-46C6-B02D-22DAF2F8197D}.Debug|ARM.Build.0 = Debug|ARM
		{C19251DF-36F9-46C6-B02D-22DAF2F8197D}.Debug|ARM.Deploy.0 = Debug|ARM
		{C19251DF-36F9-46C6-B02D-22DAF2F8197D}.Debug|x64.ActiveCfg = Debug|x64
		{C19251DF-36F9-46C6-B02D-22DAF2F8197D}.Debug|x64.Build.0 = Debug|x64
		{C19251DF-36F9-46C6-B02D-22DAF2F8197D}.Debug|x64.Deploy.0 = Debug|x64
		{C19251DF-36F9-46C6-B02D-22DAF2F8197D}.Debug|x86.ActiveCfg = Debug|x86
		{C19251DF-36F9-46C6-B02D-22DAF2F8197D}.Debug|x86.Build.0 = Debug|x86
		{C19251DF-36F9-46C6-B02D-22DAF2F8197D}.Debug|x86.Deploy.0 = Debug|x86
		{C19251DF-36F9-46C6-B02D-22DAF2F8197D}.Release|Any CPU.ActiveCfg = Release|x86
		{C19251DF-36F9-46C6-B02D-22DAF2F8197D}.Release|ARM.ActiveCfg = Release|ARM
		{C19251DF-36F9-46C6-B02D-22DAF2F8197D}.Release|ARM.Build.0 = Release|ARM
		{C19251DF-36F9-46C6-B02D-22DAF2F8197D}.Release|ARM.Deploy.0 = Release|ARM
		{C19251DF-36F9-46C6-B02D-22DAF2F8197D}.Release|x64.ActiveCfg = Release|x64
		{C19251DF-36F9-46C6-B02D-22DAF2F8197D}.Release|x64.Build.0 = Release|x64
		{C19251DF-36F9-46C6-B02D-22DAF2F8197D}.Release|x64.Deploy.0 = Release|x64
		{C19251DF-36F9-46C6-B02D-22DAF2F8197D}.Release|x86.ActiveCfg = Release|x86
		{C19251DF-36F9-46C6-B02D-22DAF2F8197D}.Release|x86.Build.0 = Release|x86
		{C19251DF-36F9-46C6-B02D-22DAF2F8197D}.Release|x86.Deploy.0 = Release|x86
	EndGlobalSection
	GlobalSection(SolutionProperties) = preSolution
		HideSolutionNode = FALSE
	EndGlobalSection
EndGlobal
